
Microsoft Visual Studio Solution File, Format Version 12.00
# Visual Studio Version 17
VisualStudioVersion = 17.5.002.0
MinimumVisualStudioVersion = 10.0.40219.1
Project("{9A19103F-16F7-4668-BE54-9A1E7A4F7556}") = "PencaUcuApi", "PencaUcuApi.csproj", "{52532870-9678-44C0-9985-A69FC0AC3543}"
EndProject
Global
	GlobalSection(SolutionConfigurationPlatforms) = preSolution
		Debug|Any CPU = Debug|Any CPU
		Release|Any CPU = Release|Any CPU
	EndGlobalSection
	GlobalSection(ProjectConfigurationPlatforms) = postSolution
		{52532870-9678-44C0-9985-A69FC0AC3543}.Debug|Any CPU.ActiveCfg = Debug|Any CPU
		{52532870-9678-44C0-9985-A69FC0AC3543}.Debug|Any CPU.Build.0 = Debug|Any CPU
		{52532870-9678-44C0-9985-A69FC0AC3543}.Release|Any CPU.ActiveCfg = Release|Any CPU
		{52532870-9678-44C0-9985-A69FC0AC3543}.Release|Any CPU.Build.0 = Release|Any CPU
	EndGlobalSection
	GlobalSection(SolutionProperties) = preSolution
		HideSolutionNode = FALSE
	EndGlobalSection
	GlobalSection(ExtensibilityGlobals) = postSolution
		SolutionGuid = {ECBE580B-0B8D-4770-9AA0-60511F9444D4}
	EndGlobalSection
EndGlobal
